
Microsoft Visual Studio Solution File, Format Version 12.00
# Visual Studio Version 17
VisualStudioVersion = 17.4.33205.214
MinimumVisualStudioVersion = 10.0.40219.1
Project("{FAE04EC0-301F-11D3-BF4B-00C04F79EFBC}") = "Stack_1", "Stack_1\Stack_1.csproj", "{166B3A93-BE8F-4345-B2E9-D186A0137030}"
EndProject
Global
	GlobalSection(SolutionConfigurationPlatforms) = preSolution
		Debug|Any CPU = Debug|Any CPU
		Release|Any CPU = Release|Any CPU
	EndGlobalSection
	GlobalSection(ProjectConfigurationPlatforms) = postSolution
		{166B3A93-BE8F-4345-B2E9-D186A0137030}.Debug|Any CPU.ActiveCfg = Debug|Any CPU
		{166B3A93-BE8F-4345-B2E9-D186A0137030}.Debug|Any CPU.Build.0 = Debug|Any CPU
		{166B3A93-BE8F-4345-B2E9-D186A0137030}.Release|Any CPU.ActiveCfg = Release|Any CPU
		{166B3A93-BE8F-4345-B2E9-D186A0137030}.Release|Any CPU.Build.0 = Release|Any CPU
	EndGlobalSection
	GlobalSection(SolutionProperties) = preSolution
		HideSolutionNode = FALSE
	EndGlobalSection
	GlobalSection(ExtensibilityGlobals) = postSolution
		SolutionGuid = {408405CA-AA80-4C9C-A175-934D66566176}
	EndGlobalSection
EndGlobal
