
Microsoft Visual Studio Solution File, Format Version 12.00
# Visual Studio Version 17
VisualStudioVersion = 17.5.33530.505
MinimumVisualStudioVersion = 10.0.40219.1
Project("{FAE04EC0-301F-11D3-BF4B-00C04F79EFBC}") = "Delegate_Interface", "Delegate_Interface\Delegate_Interface.csproj", "{1003B6D7-A8B9-45CE-B70A-EB1DC39FEF5F}"
EndProject
Global
	GlobalSection(SolutionConfigurationPlatforms) = preSolution
		Debug|Any CPU = Debug|Any CPU
		Release|Any CPU = Release|Any CPU
	EndGlobalSection
	GlobalSection(ProjectConfigurationPlatforms) = postSolution
		{1003B6D7-A8B9-45CE-B70A-EB1DC39FEF5F}.Debug|Any CPU.ActiveCfg = Debug|Any CPU
		{1003B6D7-A8B9-45CE-B70A-EB1DC39FEF5F}.Debug|Any CPU.Build.0 = Debug|Any CPU
		{1003B6D7-A8B9-45CE-B70A-EB1DC39FEF5F}.Release|Any CPU.ActiveCfg = Release|Any CPU
		{1003B6D7-A8B9-45CE-B70A-EB1DC39FEF5F}.Release|Any CPU.Build.0 = Release|Any CPU
	EndGlobalSection
	GlobalSection(SolutionProperties) = preSolution
		HideSolutionNode = FALSE
	EndGlobalSection
	GlobalSection(ExtensibilityGlobals) = postSolution
		SolutionGuid = {45B16095-D191-483D-A7DC-CF43DEDB6616}
	EndGlobalSection
EndGlobal
