
Microsoft Visual Studio Solution File, Format Version 12.00
# Visual Studio Version 17
VisualStudioVersion = 17.5.33530.505
MinimumVisualStudioVersion = 10.0.40219.1
Project("{FAE04EC0-301F-11D3-BF4B-00C04F79EFBC}") = "Set", "Set\Set.csproj", "{F014971B-5018-482A-A9AF-9A48DBA090B4}"
EndProject
Global
	GlobalSection(SolutionConfigurationPlatforms) = preSolution
		Debug|Any CPU = Debug|Any CPU
		Release|Any CPU = Release|Any CPU
	EndGlobalSection
	GlobalSection(ProjectConfigurationPlatforms) = postSolution
		{F014971B-5018-482A-A9AF-9A48DBA090B4}.Debug|Any CPU.ActiveCfg = Debug|Any CPU
		{F014971B-5018-482A-A9AF-9A48DBA090B4}.Debug|Any CPU.Build.0 = Debug|Any CPU
		{F014971B-5018-482A-A9AF-9A48DBA090B4}.Release|Any CPU.ActiveCfg = Release|Any CPU
		{F014971B-5018-482A-A9AF-9A48DBA090B4}.Release|Any CPU.Build.0 = Release|Any CPU
	EndGlobalSection
	GlobalSection(SolutionProperties) = preSolution
		HideSolutionNode = FALSE
	EndGlobalSection
	GlobalSection(ExtensibilityGlobals) = postSolution
		SolutionGuid = {3128E863-3F89-40F9-83FC-99AD334BB766}
	EndGlobalSection
EndGlobal
