
Microsoft Visual Studio Solution File, Format Version 12.00
# Visual Studio Version 17
VisualStudioVersion = 17.5.33530.505
MinimumVisualStudioVersion = 10.0.40219.1
Project("{FAE04EC0-301F-11D3-BF4B-00C04F79EFBC}") = "Queue", "Queue\Queue.csproj", "{580B9696-CCDE-4D43-BABC-DCCC79D0A44C}"
EndProject
Global
	GlobalSection(SolutionConfigurationPlatforms) = preSolution
		Debug|Any CPU = Debug|Any CPU
		Release|Any CPU = Release|Any CPU
	EndGlobalSection
	GlobalSection(ProjectConfigurationPlatforms) = postSolution
		{580B9696-CCDE-4D43-BABC-DCCC79D0A44C}.Debug|Any CPU.ActiveCfg = Debug|Any CPU
		{580B9696-CCDE-4D43-BABC-DCCC79D0A44C}.Debug|Any CPU.Build.0 = Debug|Any CPU
		{580B9696-CCDE-4D43-BABC-DCCC79D0A44C}.Release|Any CPU.ActiveCfg = Release|Any CPU
		{580B9696-CCDE-4D43-BABC-DCCC79D0A44C}.Release|Any CPU.Build.0 = Release|Any CPU
	EndGlobalSection
	GlobalSection(SolutionProperties) = preSolution
		HideSolutionNode = FALSE
	EndGlobalSection
	GlobalSection(ExtensibilityGlobals) = postSolution
		SolutionGuid = {AD0437C7-827E-4579-8554-43960E746AAA}
	EndGlobalSection
EndGlobal
