
Microsoft Visual Studio Solution File, Format Version 12.00
# Visual Studio Version 17
VisualStudioVersion = 17.5.33530.505
MinimumVisualStudioVersion = 10.0.40219.1
Project("{FAE04EC0-301F-11D3-BF4B-00C04F79EFBC}") = "HashTable", "HashTable\HashTable.csproj", "{AFD904BA-42C8-47EB-8330-F1D7BD2C3BBA}"
EndProject
Global
	GlobalSection(SolutionConfigurationPlatforms) = preSolution
		Debug|Any CPU = Debug|Any CPU
		Release|Any CPU = Release|Any CPU
	EndGlobalSection
	GlobalSection(ProjectConfigurationPlatforms) = postSolution
		{AFD904BA-42C8-47EB-8330-F1D7BD2C3BBA}.Debug|Any CPU.ActiveCfg = Debug|Any CPU
		{AFD904BA-42C8-47EB-8330-F1D7BD2C3BBA}.Debug|Any CPU.Build.0 = Debug|Any CPU
		{AFD904BA-42C8-47EB-8330-F1D7BD2C3BBA}.Release|Any CPU.ActiveCfg = Release|Any CPU
		{AFD904BA-42C8-47EB-8330-F1D7BD2C3BBA}.Release|Any CPU.Build.0 = Release|Any CPU
	EndGlobalSection
	GlobalSection(SolutionProperties) = preSolution
		HideSolutionNode = FALSE
	EndGlobalSection
	GlobalSection(ExtensibilityGlobals) = postSolution
		SolutionGuid = {9F0FB62E-E36C-4F2D-99B4-EC0FE2B8B75A}
	EndGlobalSection
EndGlobal
